<?xml version="1.0" encoding="UTF-8"?>
<CodeBlocks_project_file>
	<FileVersion major="1" minor="6"/>
	<Project>
		<Option title="graphs-floyd"/>
		<Option makefile_is_custom="1"/>
		<Option compiler="gcc"/>
		<Option virtualFolders="CMake Files\;"/>
		<Build>
			<Target title="all">
				<Option working_dir="/home/marcos/Repositories/University/Ed/P6/i92rigam/build-graph_floyd-Desktop-Debug"/>
				<Option type="4"/>
				<MakeCommands>
					<Build command="/usr/bin/make -j4 -f &quot;/home/marcos/Repositories/University/Ed/P6/i92rigam/build-graph_floyd-Desktop-Debug/Makefile&quot;  VERBOSE=1 all"/>
					<CompileFile command="/usr/bin/make -j4 -f &quot;/home/marcos/Repositories/University/Ed/P6/i92rigam/build-graph_floyd-Desktop-Debug/Makefile&quot;  VERBOSE=1 &quot;$file&quot;"/>
					<Clean command="/usr/bin/make -j4 -f &quot;/home/marcos/Repositories/University/Ed/P6/i92rigam/build-graph_floyd-Desktop-Debug/Makefile&quot;  VERBOSE=1 clean"/>
					<DistClean command="/usr/bin/make -j4 -f &quot;/home/marcos/Repositories/University/Ed/P6/i92rigam/build-graph_floyd-Desktop-Debug/Makefile&quot;  VERBOSE=1 clean"/>
				</MakeCommands>
			</Target>
			<Target title="rebuild_cache">
				<Option working_dir="/home/marcos/Repositories/University/Ed/P6/i92rigam/build-graph_floyd-Desktop-Debug"/>
				<Option type="4"/>
				<MakeCommands>
					<Build command="/usr/bin/make -j4 -f &quot;/home/marcos/Repositories/University/Ed/P6/i92rigam/build-graph_floyd-Desktop-Debug/Makefile&quot;  VERBOSE=1 rebuild_cache"/>
					<CompileFile command="/usr/bin/make -j4 -f &quot;/home/marcos/Repositories/University/Ed/P6/i92rigam/build-graph_floyd-Desktop-Debug/Makefile&quot;  VERBOSE=1 &quot;$file&quot;"/>
					<Clean command="/usr/bin/make -j4 -f &quot;/home/marcos/Repositories/University/Ed/P6/i92rigam/build-graph_floyd-Desktop-Debug/Makefile&quot;  VERBOSE=1 clean"/>
					<DistClean command="/usr/bin/make -j4 -f &quot;/home/marcos/Repositories/University/Ed/P6/i92rigam/build-graph_floyd-Desktop-Debug/Makefile&quot;  VERBOSE=1 clean"/>
				</MakeCommands>
			</Target>
			<Target title="edit_cache">
				<Option working_dir="/home/marcos/Repositories/University/Ed/P6/i92rigam/build-graph_floyd-Desktop-Debug"/>
				<Option type="4"/>
				<MakeCommands>
					<Build command="/usr/bin/make -j4 -f &quot;/home/marcos/Repositories/University/Ed/P6/i92rigam/build-graph_floyd-Desktop-Debug/Makefile&quot;  VERBOSE=1 edit_cache"/>
					<CompileFile command="/usr/bin/make -j4 -f &quot;/home/marcos/Repositories/University/Ed/P6/i92rigam/build-graph_floyd-Desktop-Debug/Makefile&quot;  VERBOSE=1 &quot;$file&quot;"/>
					<Clean command="/usr/bin/make -j4 -f &quot;/home/marcos/Repositories/University/Ed/P6/i92rigam/build-graph_floyd-Desktop-Debug/Makefile&quot;  VERBOSE=1 clean"/>
					<DistClean command="/usr/bin/make -j4 -f &quot;/home/marcos/Repositories/University/Ed/P6/i92rigam/build-graph_floyd-Desktop-Debug/Makefile&quot;  VERBOSE=1 clean"/>
				</MakeCommands>
			</Target>
			<Target title="test_floyd">
				<Option output="/home/marcos/Repositories/University/Ed/P6/i92rigam/build-graph_floyd-Desktop-Debug/test_floyd" prefix_auto="0" extension_auto="0"/>
				<Option working_dir="/home/marcos/Repositories/University/Ed/P6/i92rigam/build-graph_floyd-Desktop-Debug"/>
				<Option object_output="./"/>
				<Option type="1"/>
				<Option compiler="gcc"/>
				<Compiler>
					<Add directory="/usr/include/c++/9"/>
					<Add directory="/usr/include/x86_64-linux-gnu/c++/9"/>
					<Add directory="/usr/include/c++/9/backward"/>
					<Add directory="/usr/lib/gcc/x86_64-linux-gnu/9/include"/>
					<Add directory="/usr/local/include"/>
					<Add directory="/usr/include/x86_64-linux-gnu"/>
					<Add directory="/usr/include"/>
				</Compiler>
				<MakeCommands>
					<Build command="/usr/bin/make -j4 -f &quot;/home/marcos/Repositories/University/Ed/P6/i92rigam/build-graph_floyd-Desktop-Debug/Makefile&quot;  VERBOSE=1 test_floyd"/>
					<CompileFile command="/usr/bin/make -j4 -f &quot;/home/marcos/Repositories/University/Ed/P6/i92rigam/build-graph_floyd-Desktop-Debug/Makefile&quot;  VERBOSE=1 &quot;$file&quot;"/>
					<Clean command="/usr/bin/make -j4 -f &quot;/home/marcos/Repositories/University/Ed/P6/i92rigam/build-graph_floyd-Desktop-Debug/Makefile&quot;  VERBOSE=1 clean"/>
					<DistClean command="/usr/bin/make -j4 -f &quot;/home/marcos/Repositories/University/Ed/P6/i92rigam/build-graph_floyd-Desktop-Debug/Makefile&quot;  VERBOSE=1 clean"/>
				</MakeCommands>
			</Target>
			<Target title="test_floyd/fast">
				<Option output="/home/marcos/Repositories/University/Ed/P6/i92rigam/build-graph_floyd-Desktop-Debug/test_floyd" prefix_auto="0" extension_auto="0"/>
				<Option working_dir="/home/marcos/Repositories/University/Ed/P6/i92rigam/build-graph_floyd-Desktop-Debug"/>
				<Option object_output="./"/>
				<Option type="1"/>
				<Option compiler="gcc"/>
				<Compiler>
					<Add directory="/usr/include/c++/9"/>
					<Add directory="/usr/include/x86_64-linux-gnu/c++/9"/>
					<Add directory="/usr/include/c++/9/backward"/>
					<Add directory="/usr/lib/gcc/x86_64-linux-gnu/9/include"/>
					<Add directory="/usr/local/include"/>
					<Add directory="/usr/include/x86_64-linux-gnu"/>
					<Add directory="/usr/include"/>
				</Compiler>
				<MakeCommands>
					<Build command="/usr/bin/make -j4 -f &quot;/home/marcos/Repositories/University/Ed/P6/i92rigam/build-graph_floyd-Desktop-Debug/Makefile&quot;  VERBOSE=1 test_floyd/fast"/>
					<CompileFile command="/usr/bin/make -j4 -f &quot;/home/marcos/Repositories/University/Ed/P6/i92rigam/build-graph_floyd-Desktop-Debug/Makefile&quot;  VERBOSE=1 &quot;$file&quot;"/>
					<Clean command="/usr/bin/make -j4 -f &quot;/home/marcos/Repositories/University/Ed/P6/i92rigam/build-graph_floyd-Desktop-Debug/Makefile&quot;  VERBOSE=1 clean"/>
					<DistClean command="/usr/bin/make -j4 -f &quot;/home/marcos/Repositories/University/Ed/P6/i92rigam/build-graph_floyd-Desktop-Debug/Makefile&quot;  VERBOSE=1 clean"/>
				</MakeCommands>
			</Target>
		</Build>
		<Unit filename="/home/marcos/Repositories/University/Ed/P6/i92rigam/graph_floyd/city.cpp">
			<Option target="test_floyd"/>
		</Unit>
		<Unit filename="/home/marcos/Repositories/University/Ed/P6/i92rigam/graph_floyd/city.hpp">
			<Option target="test_floyd"/>
		</Unit>
		<Unit filename="/home/marcos/Repositories/University/Ed/P6/i92rigam/graph_floyd/floyd_algorithm.hpp">
			<Option target="test_floyd"/>
		</Unit>
		<Unit filename="/home/marcos/Repositories/University/Ed/P6/i92rigam/graph_floyd/graph.hpp">
			<Option target="test_floyd"/>
		</Unit>
		<Unit filename="/home/marcos/Repositories/University/Ed/P6/i92rigam/graph_floyd/graph_utils.hpp">
			<Option target="test_floyd"/>
		</Unit>
		<Unit filename="/home/marcos/Repositories/University/Ed/P6/i92rigam/graph_floyd/test_floyd.cpp">
			<Option target="test_floyd"/>
		</Unit>
		<Unit filename="/home/marcos/Repositories/University/Ed/P6/i92rigam/graph_floyd/CMakeLists.txt">
			<Option virtualFolder="CMake Files\"/>
		</Unit>
	</Project>
</CodeBlocks_project_file>
